
Microsoft Visual Studio Solution File, Format Version 12.00
# Visual Studio Version 17
VisualStudioVersion = 17.11.35312.102
MinimumVisualStudioVersion = 10.0.40219.1
Project("{FAE04EC0-301F-11D3-BF4B-00C04F79EFBC}") = "Task_2_1", "Task_2_1\Task_2_1.csproj", "{BA1943E8-B5F2-4C54-8ABF-07E0DF312A29}"
EndProject
Project("{FAE04EC0-301F-11D3-BF4B-00C04F79EFBC}") = "Task_3", "Task_3\Task_3.csproj", "{BB1CE232-9D6B-4524-AD13-77235AAF5A06}"
EndProject
Project("{FAE04EC0-301F-11D3-BF4B-00C04F79EFBC}") = "Task_5", "Task_5\Task_5.csproj", "{316A899A-BF89-49A1-8C7F-B106E888E844}"
EndProject
Global
	GlobalSection(SolutionConfigurationPlatforms) = preSolution
		Debug|Any CPU = Debug|Any CPU
		Release|Any CPU = Release|Any CPU
	EndGlobalSection
	GlobalSection(ProjectConfigurationPlatforms) = postSolution
		{BA1943E8-B5F2-4C54-8ABF-07E0DF312A29}.Debug|Any CPU.ActiveCfg = Debug|Any CPU
		{BA1943E8-B5F2-4C54-8ABF-07E0DF312A29}.Debug|Any CPU.Build.0 = Debug|Any CPU
		{BA1943E8-B5F2-4C54-8ABF-07E0DF312A29}.Release|Any CPU.ActiveCfg = Release|Any CPU
		{BA1943E8-B5F2-4C54-8ABF-07E0DF312A29}.Release|Any CPU.Build.0 = Release|Any CPU
		{BB1CE232-9D6B-4524-AD13-77235AAF5A06}.Debug|Any CPU.ActiveCfg = Debug|Any CPU
		{BB1CE232-9D6B-4524-AD13-77235AAF5A06}.Debug|Any CPU.Build.0 = Debug|Any CPU
		{BB1CE232-9D6B-4524-AD13-77235AAF5A06}.Release|Any CPU.ActiveCfg = Release|Any CPU
		{BB1CE232-9D6B-4524-AD13-77235AAF5A06}.Release|Any CPU.Build.0 = Release|Any CPU
		{316A899A-BF89-49A1-8C7F-B106E888E844}.Debug|Any CPU.ActiveCfg = Debug|Any CPU
		{316A899A-BF89-49A1-8C7F-B106E888E844}.Debug|Any CPU.Build.0 = Debug|Any CPU
		{316A899A-BF89-49A1-8C7F-B106E888E844}.Release|Any CPU.ActiveCfg = Release|Any CPU
		{316A899A-BF89-49A1-8C7F-B106E888E844}.Release|Any CPU.Build.0 = Release|Any CPU
	EndGlobalSection
	GlobalSection(SolutionProperties) = preSolution
		HideSolutionNode = FALSE
	EndGlobalSection
	GlobalSection(ExtensibilityGlobals) = postSolution
		SolutionGuid = {8A7D5553-5D8C-4EBA-860D-C54B20EEAF48}
	EndGlobalSection
EndGlobal
